{
  "name": "client",
  "version": "0.1.0",
  "lockfileVersion": 3,
  "requires": true,
  "packages": {
    "": {
      "dependencies": {
        "school-management": "file:.."
      }
    },
    "..": {
      "version": "1.0.0",
      "hasInstallScript": true,
      "license": "ISC",
      "devDependencies": {
        "concurrently": "^8.2.0"
      }
    },
    "node_modules/school-management": {
      "resolved": "..",
      "link": true
    }
  }
}
